
Microsoft Visual Studio Solution File, Format Version 12.00
# Visual Studio Version 17
VisualStudioVersion = 17.3.32819.101
MinimumVisualStudioVersion = 10.0.40219.1
Project("{FAE04EC0-301F-11D3-BF4B-00C04F79EFBC}") = "EmployeeWage", "EmployeeWage\EmployeeWage.csproj", "{322411C3-4928-47C0-B19F-91EA31958C37}"
EndProject
Global
	GlobalSection(SolutionConfigurationPlatforms) = preSolution
		Debug|Any CPU = Debug|Any CPU
		Release|Any CPU = Release|Any CPU
	EndGlobalSection
	GlobalSection(ProjectConfigurationPlatforms) = postSolution
		{322411C3-4928-47C0-B19F-91EA31958C37}.Debug|Any CPU.ActiveCfg = Debug|Any CPU
		{322411C3-4928-47C0-B19F-91EA31958C37}.Debug|Any CPU.Build.0 = Debug|Any CPU
		{322411C3-4928-47C0-B19F-91EA31958C37}.Release|Any CPU.ActiveCfg = Release|Any CPU
		{322411C3-4928-47C0-B19F-91EA31958C37}.Release|Any CPU.Build.0 = Release|Any CPU
	EndGlobalSection
	GlobalSection(SolutionProperties) = preSolution
		HideSolutionNode = FALSE
	EndGlobalSection
	GlobalSection(ExtensibilityGlobals) = postSolution
		SolutionGuid = {57418FE5-7E68-40CA-8622-D0E889B8A32E}
	EndGlobalSection
EndGlobal
